{
  "name": "@surfy/geoip",
  "version": "1.0.0",
  "lockfileVersion": 2,
  "requires": true,
  "packages": {
    "": {
      "name": "@surfy/geoip",
      "version": "1.0.0",
      "license": "MIT",
      "dependencies": {
        "@surfy/request": "^1.0.3"
      }
    },
    "node_modules/@surfy/request": {
      "version": "1.0.5",
      "resolved": "https://registry.npmjs.org/@surfy/request/-/request-1.0.5.tgz",
      "integrity": "sha512-cPRLGlBzq1KQBOCoNarrRPUZXbPnxFMsnSHO1/X5fdAvNAukWBHmRiXH3dYuSSyOUcMx1pEg1k1Ey50KqLs/lQ=="
    }
  },
  "dependencies": {
    "@surfy/request": {
      "version": "1.0.5",
      "resolved": "https://registry.npmjs.org/@surfy/request/-/request-1.0.5.tgz",
      "integrity": "sha512-cPRLGlBzq1KQBOCoNarrRPUZXbPnxFMsnSHO1/X5fdAvNAukWBHmRiXH3dYuSSyOUcMx1pEg1k1Ey50KqLs/lQ=="
    }
  }
}
